
Microsoft Visual Studio Solution File, Format Version 12.00
# Visual Studio Version 17
VisualStudioVersion = 17.1.32210.238
MinimumVisualStudioVersion = 10.0.40219.1
Project("{FAE04EC0-301F-11D3-BF4B-00C04F79EFBC}") = "RegexPattern", "RegexPattern.csproj", "{1F4B504A-0CC3-4E97-92F3-BC9C73A7183B}"
EndProject
Project("{FAE04EC0-301F-11D3-BF4B-00C04F79EFBC}") = "RegexMsTesting", "..\RegexMsTesting\RegexMsTesting.csproj", "{896A93E9-C0B0-4C5B-A103-D0D182370B3A}"
EndProject
Global
	GlobalSection(SolutionConfigurationPlatforms) = preSolution
		Debug|Any CPU = Debug|Any CPU
		Release|Any CPU = Release|Any CPU
	EndGlobalSection
	GlobalSection(ProjectConfigurationPlatforms) = postSolution
		{1F4B504A-0CC3-4E97-92F3-BC9C73A7183B}.Debug|Any CPU.ActiveCfg = Debug|Any CPU
		{1F4B504A-0CC3-4E97-92F3-BC9C73A7183B}.Debug|Any CPU.Build.0 = Debug|Any CPU
		{1F4B504A-0CC3-4E97-92F3-BC9C73A7183B}.Release|Any CPU.ActiveCfg = Release|Any CPU
		{1F4B504A-0CC3-4E97-92F3-BC9C73A7183B}.Release|Any CPU.Build.0 = Release|Any CPU
		{896A93E9-C0B0-4C5B-A103-D0D182370B3A}.Debug|Any CPU.ActiveCfg = Debug|Any CPU
		{896A93E9-C0B0-4C5B-A103-D0D182370B3A}.Debug|Any CPU.Build.0 = Debug|Any CPU
		{896A93E9-C0B0-4C5B-A103-D0D182370B3A}.Release|Any CPU.ActiveCfg = Release|Any CPU
		{896A93E9-C0B0-4C5B-A103-D0D182370B3A}.Release|Any CPU.Build.0 = Release|Any CPU
	EndGlobalSection
	GlobalSection(SolutionProperties) = preSolution
		HideSolutionNode = FALSE
	EndGlobalSection
	GlobalSection(ExtensibilityGlobals) = postSolution
		SolutionGuid = {250C7052-0196-46D7-B1E0-26EA472EBAE2}
	EndGlobalSection
EndGlobal
